# GitHub-hosted Ubuntu x86_64 / CPython 3.12 only.
# Official PyPI wheels; Chromium revision is pinned by Playwright 1.63.0.
greenlet==3.5.6 --hash=sha256:975736b002ed080d124cf81a79cb7e05cb26d6b3f5c7a7b651c0fcce70353aa1
playwright==1.63.0 --hash=sha256:ad21bc07516b187965a7521c5cf0df0bd657b17482eaad74335272d35a2b07de
pyee==13.0.1 --hash=sha256:af2f8fede4171ef667dfded53f96e2ed0d6e6bd7ee3bb46437f77e3b57689228
typing_extensions==4.16.0 --hash=sha256:481caa481374e813c1b176ada14e97f1f67a4539ce9cfeb3f350d78d6370c2e8
